<?xml version="1.0" encoding="utf-8"?>
<Project ToolsVersion="4.0" xmlns="http://schemas.microsoft.com/developer/msbuild/2003">
  <ItemGroup>
    <Filter Include="Hickory">
      <UniqueIdentifier>{7E6B4AA6-EA4A-C941-F362-54185FC12FA3}</UniqueIdentifier>
    </Filter>
    <Filter Include="Hickory\Events">
      <UniqueIdentifier>{A27DE006-8E4B-D40C-77DF-4433634CB071}</UniqueIdentifier>
    </Filter>
  </ItemGroup>
  <ItemGroup>
    <ClInclude Include="src\Hickory.h" />
    <ClInclude Include="src\Hickory\Application.h">
      <Filter>Hickory</Filter>
    </ClInclude>
    <ClInclude Include="src\Hickory\Core.h">
      <Filter>Hickory</Filter>
    </ClInclude>
    <ClInclude Include="src\Hickory\EntryPoint.h">
      <Filter>Hickory</Filter>
    </ClInclude>
    <ClInclude Include="src\Hickory\Events\ApplicationEvent.h">
      <Filter>Hickory\Events</Filter>
    </ClInclude>
    <ClInclude Include="src\Hickory\Events\Event.h">
      <Filter>Hickory\Events</Filter>
    </ClInclude>
    <ClInclude Include="src\Hickory\Events\KeyEvent.h">
      <Filter>Hickory\Events</Filter>
    </ClInclude>
    <ClInclude Include="src\Hickory\Events\MouseEvent.h">
      <Filter>Hickory\Events</Filter>
    </ClInclude>
    <ClInclude Include="src\Hickory\Log.h">
      <Filter>Hickory</Filter>
    </ClInclude>
    <ClInclude Include="src\hkpch.h" />
  </ItemGroup>
  <ItemGroup>
    <ClCompile Include="src\Hickory\Application.cpp">
      <Filter>Hickory</Filter>
    </ClCompile>
    <ClCompile Include="src\Hickory\Log.cpp">
      <Filter>Hickory</Filter>
    </ClCompile>
    <ClCompile Include="src\hkpch.cpp" />
  </ItemGroup>
</Project>